
Microsoft Visual Studio Solution File, Format Version 12.00
# Visual Studio Version 17
VisualStudioVersion = 17.3.32929.385
MinimumVisualStudioVersion = 10.0.40219.1
Project("{9A19103F-16F7-4668-BE54-9A1E7A4F7556}") = "W1_4 pt bac 2", "W1_4 pt bac 2.csproj", "{68EF641B-65CB-45F4-A4D9-AC2B6444C054}"
EndProject
Global
	GlobalSection(SolutionConfigurationPlatforms) = preSolution
		Debug|Any CPU = Debug|Any CPU
		Release|Any CPU = Release|Any CPU
	EndGlobalSection
	GlobalSection(ProjectConfigurationPlatforms) = postSolution
		{68EF641B-65CB-45F4-A4D9-AC2B6444C054}.Debug|Any CPU.ActiveCfg = Debug|Any CPU
		{68EF641B-65CB-45F4-A4D9-AC2B6444C054}.Debug|Any CPU.Build.0 = Debug|Any CPU
		{68EF641B-65CB-45F4-A4D9-AC2B6444C054}.Release|Any CPU.ActiveCfg = Release|Any CPU
		{68EF641B-65CB-45F4-A4D9-AC2B6444C054}.Release|Any CPU.Build.0 = Release|Any CPU
	EndGlobalSection
	GlobalSection(SolutionProperties) = preSolution
		HideSolutionNode = FALSE
	EndGlobalSection
	GlobalSection(ExtensibilityGlobals) = postSolution
		SolutionGuid = {23834C6F-8AB2-49A2-A096-51A0C2A20B44}
	EndGlobalSection
EndGlobal
