
Microsoft Visual Studio Solution File, Format Version 12.00
# Visual Studio Version 17
VisualStudioVersion = 17.3.32929.385
MinimumVisualStudioVersion = 10.0.40219.1
Project("{9A19103F-16F7-4668-BE54-9A1E7A4F7556}") = "W1_3 Sum1-100", "W1_3 Sum1-100.csproj", "{818CC0C6-E366-4420-A224-343027B56210}"
EndProject
Global
	GlobalSection(SolutionConfigurationPlatforms) = preSolution
		Debug|Any CPU = Debug|Any CPU
		Release|Any CPU = Release|Any CPU
	EndGlobalSection
	GlobalSection(ProjectConfigurationPlatforms) = postSolution
		{818CC0C6-E366-4420-A224-343027B56210}.Debug|Any CPU.ActiveCfg = Debug|Any CPU
		{818CC0C6-E366-4420-A224-343027B56210}.Debug|Any CPU.Build.0 = Debug|Any CPU
		{818CC0C6-E366-4420-A224-343027B56210}.Release|Any CPU.ActiveCfg = Release|Any CPU
		{818CC0C6-E366-4420-A224-343027B56210}.Release|Any CPU.Build.0 = Release|Any CPU
	EndGlobalSection
	GlobalSection(SolutionProperties) = preSolution
		HideSolutionNode = FALSE
	EndGlobalSection
	GlobalSection(ExtensibilityGlobals) = postSolution
		SolutionGuid = {847632E0-7511-4596-8934-48A62710962C}
	EndGlobalSection
EndGlobal
