
Microsoft Visual Studio Solution File, Format Version 12.00
# Visual Studio Version 17
VisualStudioVersion = 17.3.32929.385
MinimumVisualStudioVersion = 10.0.40219.1
Project("{9A19103F-16F7-4668-BE54-9A1E7A4F7556}") = "W4_1 Class Sinh Viên", "W4_1 Class Sinh Viên.csproj", "{5D834198-DBF4-4B4F-8B82-DF6EE755992E}"
EndProject
Global
	GlobalSection(SolutionConfigurationPlatforms) = preSolution
		Debug|Any CPU = Debug|Any CPU
		Release|Any CPU = Release|Any CPU
	EndGlobalSection
	GlobalSection(ProjectConfigurationPlatforms) = postSolution
		{5D834198-DBF4-4B4F-8B82-DF6EE755992E}.Debug|Any CPU.ActiveCfg = Debug|Any CPU
		{5D834198-DBF4-4B4F-8B82-DF6EE755992E}.Debug|Any CPU.Build.0 = Debug|Any CPU
		{5D834198-DBF4-4B4F-8B82-DF6EE755992E}.Release|Any CPU.ActiveCfg = Release|Any CPU
		{5D834198-DBF4-4B4F-8B82-DF6EE755992E}.Release|Any CPU.Build.0 = Release|Any CPU
	EndGlobalSection
	GlobalSection(SolutionProperties) = preSolution
		HideSolutionNode = FALSE
	EndGlobalSection
	GlobalSection(ExtensibilityGlobals) = postSolution
		SolutionGuid = {1EE3574A-A4C5-4CFC-94E6-76994648898C}
	EndGlobalSection
EndGlobal
