
Microsoft Visual Studio Solution File, Format Version 12.00
# Visual Studio Version 17
VisualStudioVersion = 17.3.32929.385
MinimumVisualStudioVersion = 10.0.40219.1
Project("{9A19103F-16F7-4668-BE54-9A1E7A4F7556}") = "W7_1 Student Information", "W7_1 Student Information.csproj", "{F2C25A6F-486D-4734-A2C3-821240DF40F4}"
EndProject
Global
	GlobalSection(SolutionConfigurationPlatforms) = preSolution
		Debug|Any CPU = Debug|Any CPU
		Release|Any CPU = Release|Any CPU
	EndGlobalSection
	GlobalSection(ProjectConfigurationPlatforms) = postSolution
		{F2C25A6F-486D-4734-A2C3-821240DF40F4}.Debug|Any CPU.ActiveCfg = Debug|Any CPU
		{F2C25A6F-486D-4734-A2C3-821240DF40F4}.Debug|Any CPU.Build.0 = Debug|Any CPU
		{F2C25A6F-486D-4734-A2C3-821240DF40F4}.Release|Any CPU.ActiveCfg = Release|Any CPU
		{F2C25A6F-486D-4734-A2C3-821240DF40F4}.Release|Any CPU.Build.0 = Release|Any CPU
	EndGlobalSection
	GlobalSection(SolutionProperties) = preSolution
		HideSolutionNode = FALSE
	EndGlobalSection
	GlobalSection(ExtensibilityGlobals) = postSolution
		SolutionGuid = {6C9D7F19-AEAA-4E43-A5B4-732852756F6C}
	EndGlobalSection
EndGlobal
