
Microsoft Visual Studio Solution File, Format Version 12.00
# Visual Studio Version 17
VisualStudioVersion = 17.3.32929.385
MinimumVisualStudioVersion = 10.0.40219.1
Project("{9A19103F-16F7-4668-BE54-9A1E7A4F7556}") = "W2_3 Equation and Number", "W2_3 Equation and Number.csproj", "{9B9BCC04-EEAC-4E66-BB8A-32BE44E59D39}"
EndProject
Global
	GlobalSection(SolutionConfigurationPlatforms) = preSolution
		Debug|Any CPU = Debug|Any CPU
		Release|Any CPU = Release|Any CPU
	EndGlobalSection
	GlobalSection(ProjectConfigurationPlatforms) = postSolution
		{9B9BCC04-EEAC-4E66-BB8A-32BE44E59D39}.Debug|Any CPU.ActiveCfg = Debug|Any CPU
		{9B9BCC04-EEAC-4E66-BB8A-32BE44E59D39}.Debug|Any CPU.Build.0 = Debug|Any CPU
		{9B9BCC04-EEAC-4E66-BB8A-32BE44E59D39}.Release|Any CPU.ActiveCfg = Release|Any CPU
		{9B9BCC04-EEAC-4E66-BB8A-32BE44E59D39}.Release|Any CPU.Build.0 = Release|Any CPU
	EndGlobalSection
	GlobalSection(SolutionProperties) = preSolution
		HideSolutionNode = FALSE
	EndGlobalSection
	GlobalSection(ExtensibilityGlobals) = postSolution
		SolutionGuid = {775F8FF1-515E-43EB-B7C9-30D38A3BC2BD}
	EndGlobalSection
EndGlobal
