
Microsoft Visual Studio Solution File, Format Version 12.00
# Visual Studio Version 17
VisualStudioVersion = 17.3.32922.545
MinimumVisualStudioVersion = 10.0.40219.1
Project("{FAE04EC0-301F-11D3-BF4B-00C04F79EFBC}") = "20206272 W2_4 perimeter and area", "20206272 W2_4 perimeter and area.csproj", "{C7162AE3-62DF-4F88-859A-19F726F95649}"
EndProject
Global
	GlobalSection(SolutionConfigurationPlatforms) = preSolution
		Debug|Any CPU = Debug|Any CPU
		Release|Any CPU = Release|Any CPU
	EndGlobalSection
	GlobalSection(ProjectConfigurationPlatforms) = postSolution
		{C7162AE3-62DF-4F88-859A-19F726F95649}.Debug|Any CPU.ActiveCfg = Debug|Any CPU
		{C7162AE3-62DF-4F88-859A-19F726F95649}.Debug|Any CPU.Build.0 = Debug|Any CPU
		{C7162AE3-62DF-4F88-859A-19F726F95649}.Release|Any CPU.ActiveCfg = Release|Any CPU
		{C7162AE3-62DF-4F88-859A-19F726F95649}.Release|Any CPU.Build.0 = Release|Any CPU
	EndGlobalSection
	GlobalSection(SolutionProperties) = preSolution
		HideSolutionNode = FALSE
	EndGlobalSection
	GlobalSection(ExtensibilityGlobals) = postSolution
		SolutionGuid = {6CA04E7F-95D3-4D2A-9C28-F02673FD8A81}
	EndGlobalSection
EndGlobal
