
Microsoft Visual Studio Solution File, Format Version 12.00
# Visual Studio Version 17
VisualStudioVersion = 17.3.32929.385
MinimumVisualStudioVersion = 10.0.40219.1
Project("{9A19103F-16F7-4668-BE54-9A1E7A4F7556}") = "Đồ án OOP", "Đồ án OOP.csproj", "{F58A53C7-F700-4666-B1F7-C02DBA703300}"
EndProject
Project("{2150E333-8FDC-42A3-9474-1A3956D46DE8}") = "Tuần 1", "Tuần 1", "{88C3C86F-1758-4A36-8C5D-50C78B7FC9DA}"
EndProject
Project("{9A19103F-16F7-4668-BE54-9A1E7A4F7556}") = "W1_2 HelloWorld", "..\Tuần 1\20206272 W1_2 HelloWorld\20206272 W1_2 HelloWorld\W1_2 HelloWorld.csproj", "{88581B21-DA9A-490C-95DD-712AC9D0C53A}"
EndProject
Project("{9A19103F-16F7-4668-BE54-9A1E7A4F7556}") = "W1_3 Sum1-100", "..\Tuần 1\20206272 W1_3 Sum1-100\20206272 W1_3 Sum1-100\W1_3 Sum1-100.csproj", "{144E09A5-9939-4A82-ABAD-CB0B2AD5FBF1}"
EndProject
Project("{9A19103F-16F7-4668-BE54-9A1E7A4F7556}") = "W1_4 pt bac 2", "..\Tuần 1\20206272 W1_4 pt bac 2\20206272 W1_4 pt bac 2\W1_4 pt bac 2.csproj", "{11DD5F7C-56AF-4B05-AF5F-735D7E1BB511}"
EndProject
Project("{2150E333-8FDC-42A3-9474-1A3956D46DE8}") = "Tuần 2", "Tuần 2", "{16E758CF-DAEE-4895-97B5-229C598F4870}"
EndProject
Project("{9A19103F-16F7-4668-BE54-9A1E7A4F7556}") = "W2_1 Atomic Information", "..\Tuần 2\20206227 W2_1 Atomic Information\W2_1 Atomic Information.csproj", "{FBF16DD4-5AE4-432E-8843-AF7E56075C7C}"
EndProject
Project("{9A19103F-16F7-4668-BE54-9A1E7A4F7556}") = "W2_2 Employee", "..\Tuần 2\20206272 W2_2 Employee\W2_2 Employee.csproj", "{5E698CA0-3C3A-412C-9D67-FADEDBCC1CCD}"
EndProject
Project("{9A19103F-16F7-4668-BE54-9A1E7A4F7556}") = "W2_3 Equation and Number", "..\Tuần 2\20206272 W2_3 Equation and Number\W2_3 Equation and Number.csproj", "{15E73430-1A1C-457E-946D-4132E4EB6D68}"
EndProject
Project("{9A19103F-16F7-4668-BE54-9A1E7A4F7556}") = "W2_4 perimeter and area", "..\Tuần 2\20206272 W2_4 perimeter and area\W2_4 perimeter and area.csproj", "{9A982A69-9F39-42D5-BB8B-1AB870EED740}"
EndProject
Project("{9A19103F-16F7-4668-BE54-9A1E7A4F7556}") = "W2_5 tham chiếu tham trị", "..\Tuần 2\20206272 W2_5 tham chiếu tham trị\W2_5 tham chiếu tham trị.csproj", "{179E488E-AD0D-4CC0-893B-BD13A399D250}"
EndProject
Project("{2150E333-8FDC-42A3-9474-1A3956D46DE8}") = "Tuần 3", "Tuần 3", "{FD7B05B6-DA9B-411B-825C-F0B49914E0D4}"
EndProject
Project("{9A19103F-16F7-4668-BE54-9A1E7A4F7556}") = "W3_1 Circle Class", "..\Tuần 3\20206272 W3_1 Circle Class\20206272 W3_1 Circle Class\W3_1 Circle Class.csproj", "{4B6CCEEE-0B97-464B-A532-34EF1DE40319}"
EndProject
Project("{9A19103F-16F7-4668-BE54-9A1E7A4F7556}") = "W3_2 Person Class", "..\Tuần 3\20206272 W3_2 Person Class\20206272 W3_2 Person Class\W3_2 Person Class.csproj", "{63BB673D-4A0F-4E04-B4BD-D571B78921F5}"
EndProject
Project("{2150E333-8FDC-42A3-9474-1A3956D46DE8}") = "Tuần 4", "Tuần 4", "{A683EF57-5754-4723-A262-18B2A240F5A8}"
EndProject
Project("{9A19103F-16F7-4668-BE54-9A1E7A4F7556}") = "W4_1 Class Sinh Viên", "..\Tuần 4\20206272 W4_1 Class Sinh Viên\W4_1 Class Sinh Viên.csproj", "{194DBE5E-8FD3-4A3F-B547-9B0D07DC3CBC}"
EndProject
Project("{9A19103F-16F7-4668-BE54-9A1E7A4F7556}") = "W4_2  POINT 2", "..\Tuần 4\20206272 W4_2  POINT 2\W4_2  POINT 2.csproj", "{102E7C64-0F9C-49DF-BC64-8ECFEB6D3F99}"
EndProject
Project("{9A19103F-16F7-4668-BE54-9A1E7A4F7556}") = "W4_3 Points N", "..\Tuần 4\20206272 W4_3 Points N\W4_3 Points N.csproj", "{37C0C8FD-4474-4628-B603-89D13C71FCE8}"
EndProject
Project("{9A19103F-16F7-4668-BE54-9A1E7A4F7556}") = "W4_4 Complex Number", "..\Tuần 4\20206272 W4_4 Complex Number\W4_4 Complex Number.csproj", "{D96AE19A-9DC4-4A39-B0E0-5B766786452D}"
EndProject
Project("{9A19103F-16F7-4668-BE54-9A1E7A4F7556}") = "W4_5 Polynomial", "..\Tuần 4\20206272 W4_5 Polynomial\W4_5 Polynomial.csproj", "{A5F01514-501E-4428-914F-52F28DB9818F}"
EndProject
Project("{2150E333-8FDC-42A3-9474-1A3956D46DE8}") = "Tuần 5", "Tuần 5", "{D7AEF775-3289-4304-9A95-BF91DE20A342}"
EndProject
Project("{2150E333-8FDC-42A3-9474-1A3956D46DE8}") = "Tuần 6", "Tuần 6", "{2324BAEC-CEB9-497F-ADBA-3C0043499C19}"
EndProject
Project("{2150E333-8FDC-42A3-9474-1A3956D46DE8}") = "Tuần 7", "Tuần 7", "{01FA5AD5-B48A-4D2F-BB5D-6E5C382B2269}"
EndProject
Project("{9A19103F-16F7-4668-BE54-9A1E7A4F7556}") = "W5_1 Namespace", "..\Tuần 5\20206272 W5_1 Namespace\W5_1 Namespace.csproj", "{B8402B95-9F1B-4A9A-B567-D26978DB8F8D}"
EndProject
Project("{9A19103F-16F7-4668-BE54-9A1E7A4F7556}") = "W5_2 AmountException", "..\Tuần 5\20206272 W5_2 AmountException\W5_2 AmountException.csproj", "{46AC0C3E-8BB7-4FD2-9EE0-731EA75585A1}"
EndProject
Project("{9A19103F-16F7-4668-BE54-9A1E7A4F7556}") = "W6  Temperatures Collection and GreaterCount", "..\Tuần 6\20206272 W6  Temperatures Collection and GreaterCount\W6  Temperatures Collection and GreaterCount.csproj", "{BB404F5C-B010-4C73-AA9D-D7199B6FB9EE}"
EndProject
Project("{9A19103F-16F7-4668-BE54-9A1E7A4F7556}") = "W7_1 Student Information", "..\Tuần 7\W7_1 Student Information\W7_1 Student Information.csproj", "{98C9DFAF-CA21-4210-AB52-C0E58CF756F5}"
EndProject
Project("{9A19103F-16F7-4668-BE54-9A1E7A4F7556}") = "W7_2 IMG reader", "..\Tuần 7\W7_2 IMG reader\W7_2 IMG reader.csproj", "{7CE7C9FD-6E09-4917-BB67-2DF353EBFB10}"
EndProject
Global
	GlobalSection(SolutionConfigurationPlatforms) = preSolution
		Debug|Any CPU = Debug|Any CPU
		Release|Any CPU = Release|Any CPU
	EndGlobalSection
	GlobalSection(ProjectConfigurationPlatforms) = postSolution
		{F58A53C7-F700-4666-B1F7-C02DBA703300}.Debug|Any CPU.ActiveCfg = Debug|Any CPU
		{F58A53C7-F700-4666-B1F7-C02DBA703300}.Debug|Any CPU.Build.0 = Debug|Any CPU
		{F58A53C7-F700-4666-B1F7-C02DBA703300}.Release|Any CPU.ActiveCfg = Release|Any CPU
		{F58A53C7-F700-4666-B1F7-C02DBA703300}.Release|Any CPU.Build.0 = Release|Any CPU
		{88581B21-DA9A-490C-95DD-712AC9D0C53A}.Debug|Any CPU.ActiveCfg = Debug|Any CPU
		{88581B21-DA9A-490C-95DD-712AC9D0C53A}.Debug|Any CPU.Build.0 = Debug|Any CPU
		{88581B21-DA9A-490C-95DD-712AC9D0C53A}.Release|Any CPU.ActiveCfg = Release|Any CPU
		{88581B21-DA9A-490C-95DD-712AC9D0C53A}.Release|Any CPU.Build.0 = Release|Any CPU
		{144E09A5-9939-4A82-ABAD-CB0B2AD5FBF1}.Debug|Any CPU.ActiveCfg = Debug|Any CPU
		{144E09A5-9939-4A82-ABAD-CB0B2AD5FBF1}.Debug|Any CPU.Build.0 = Debug|Any CPU
		{144E09A5-9939-4A82-ABAD-CB0B2AD5FBF1}.Release|Any CPU.ActiveCfg = Release|Any CPU
		{144E09A5-9939-4A82-ABAD-CB0B2AD5FBF1}.Release|Any CPU.Build.0 = Release|Any CPU
		{11DD5F7C-56AF-4B05-AF5F-735D7E1BB511}.Debug|Any CPU.ActiveCfg = Debug|Any CPU
		{11DD5F7C-56AF-4B05-AF5F-735D7E1BB511}.Debug|Any CPU.Build.0 = Debug|Any CPU
		{11DD5F7C-56AF-4B05-AF5F-735D7E1BB511}.Release|Any CPU.ActiveCfg = Release|Any CPU
		{11DD5F7C-56AF-4B05-AF5F-735D7E1BB511}.Release|Any CPU.Build.0 = Release|Any CPU
		{FBF16DD4-5AE4-432E-8843-AF7E56075C7C}.Debug|Any CPU.ActiveCfg = Debug|Any CPU
		{FBF16DD4-5AE4-432E-8843-AF7E56075C7C}.Debug|Any CPU.Build.0 = Debug|Any CPU
		{FBF16DD4-5AE4-432E-8843-AF7E56075C7C}.Release|Any CPU.ActiveCfg = Release|Any CPU
		{FBF16DD4-5AE4-432E-8843-AF7E56075C7C}.Release|Any CPU.Build.0 = Release|Any CPU
		{5E698CA0-3C3A-412C-9D67-FADEDBCC1CCD}.Debug|Any CPU.ActiveCfg = Debug|Any CPU
		{5E698CA0-3C3A-412C-9D67-FADEDBCC1CCD}.Debug|Any CPU.Build.0 = Debug|Any CPU
		{5E698CA0-3C3A-412C-9D67-FADEDBCC1CCD}.Release|Any CPU.ActiveCfg = Release|Any CPU
		{5E698CA0-3C3A-412C-9D67-FADEDBCC1CCD}.Release|Any CPU.Build.0 = Release|Any CPU
		{15E73430-1A1C-457E-946D-4132E4EB6D68}.Debug|Any CPU.ActiveCfg = Debug|Any CPU
		{15E73430-1A1C-457E-946D-4132E4EB6D68}.Debug|Any CPU.Build.0 = Debug|Any CPU
		{15E73430-1A1C-457E-946D-4132E4EB6D68}.Release|Any CPU.ActiveCfg = Release|Any CPU
		{15E73430-1A1C-457E-946D-4132E4EB6D68}.Release|Any CPU.Build.0 = Release|Any CPU
		{9A982A69-9F39-42D5-BB8B-1AB870EED740}.Debug|Any CPU.ActiveCfg = Debug|Any CPU
		{9A982A69-9F39-42D5-BB8B-1AB870EED740}.Debug|Any CPU.Build.0 = Debug|Any CPU
		{9A982A69-9F39-42D5-BB8B-1AB870EED740}.Release|Any CPU.ActiveCfg = Release|Any CPU
		{9A982A69-9F39-42D5-BB8B-1AB870EED740}.Release|Any CPU.Build.0 = Release|Any CPU
		{179E488E-AD0D-4CC0-893B-BD13A399D250}.Debug|Any CPU.ActiveCfg = Debug|Any CPU
		{179E488E-AD0D-4CC0-893B-BD13A399D250}.Debug|Any CPU.Build.0 = Debug|Any CPU
		{179E488E-AD0D-4CC0-893B-BD13A399D250}.Release|Any CPU.ActiveCfg = Release|Any CPU
		{179E488E-AD0D-4CC0-893B-BD13A399D250}.Release|Any CPU.Build.0 = Release|Any CPU
		{4B6CCEEE-0B97-464B-A532-34EF1DE40319}.Debug|Any CPU.ActiveCfg = Debug|Any CPU
		{4B6CCEEE-0B97-464B-A532-34EF1DE40319}.Debug|Any CPU.Build.0 = Debug|Any CPU
		{4B6CCEEE-0B97-464B-A532-34EF1DE40319}.Release|Any CPU.ActiveCfg = Release|Any CPU
		{4B6CCEEE-0B97-464B-A532-34EF1DE40319}.Release|Any CPU.Build.0 = Release|Any CPU
		{63BB673D-4A0F-4E04-B4BD-D571B78921F5}.Debug|Any CPU.ActiveCfg = Debug|Any CPU
		{63BB673D-4A0F-4E04-B4BD-D571B78921F5}.Debug|Any CPU.Build.0 = Debug|Any CPU
		{63BB673D-4A0F-4E04-B4BD-D571B78921F5}.Release|Any CPU.ActiveCfg = Release|Any CPU
		{63BB673D-4A0F-4E04-B4BD-D571B78921F5}.Release|Any CPU.Build.0 = Release|Any CPU
		{194DBE5E-8FD3-4A3F-B547-9B0D07DC3CBC}.Debug|Any CPU.ActiveCfg = Debug|Any CPU
		{194DBE5E-8FD3-4A3F-B547-9B0D07DC3CBC}.Debug|Any CPU.Build.0 = Debug|Any CPU
		{194DBE5E-8FD3-4A3F-B547-9B0D07DC3CBC}.Release|Any CPU.ActiveCfg = Release|Any CPU
		{194DBE5E-8FD3-4A3F-B547-9B0D07DC3CBC}.Release|Any CPU.Build.0 = Release|Any CPU
		{102E7C64-0F9C-49DF-BC64-8ECFEB6D3F99}.Debug|Any CPU.ActiveCfg = Debug|Any CPU
		{102E7C64-0F9C-49DF-BC64-8ECFEB6D3F99}.Debug|Any CPU.Build.0 = Debug|Any CPU
		{102E7C64-0F9C-49DF-BC64-8ECFEB6D3F99}.Release|Any CPU.ActiveCfg = Release|Any CPU
		{102E7C64-0F9C-49DF-BC64-8ECFEB6D3F99}.Release|Any CPU.Build.0 = Release|Any CPU
		{37C0C8FD-4474-4628-B603-89D13C71FCE8}.Debug|Any CPU.ActiveCfg = Debug|Any CPU
		{37C0C8FD-4474-4628-B603-89D13C71FCE8}.Debug|Any CPU.Build.0 = Debug|Any CPU
		{37C0C8FD-4474-4628-B603-89D13C71FCE8}.Release|Any CPU.ActiveCfg = Release|Any CPU
		{37C0C8FD-4474-4628-B603-89D13C71FCE8}.Release|Any CPU.Build.0 = Release|Any CPU
		{D96AE19A-9DC4-4A39-B0E0-5B766786452D}.Debug|Any CPU.ActiveCfg = Debug|Any CPU
		{D96AE19A-9DC4-4A39-B0E0-5B766786452D}.Debug|Any CPU.Build.0 = Debug|Any CPU
		{D96AE19A-9DC4-4A39-B0E0-5B766786452D}.Release|Any CPU.ActiveCfg = Release|Any CPU
		{D96AE19A-9DC4-4A39-B0E0-5B766786452D}.Release|Any CPU.Build.0 = Release|Any CPU
		{A5F01514-501E-4428-914F-52F28DB9818F}.Debug|Any CPU.ActiveCfg = Debug|Any CPU
		{A5F01514-501E-4428-914F-52F28DB9818F}.Debug|Any CPU.Build.0 = Debug|Any CPU
		{A5F01514-501E-4428-914F-52F28DB9818F}.Release|Any CPU.ActiveCfg = Release|Any CPU
		{A5F01514-501E-4428-914F-52F28DB9818F}.Release|Any CPU.Build.0 = Release|Any CPU
		{B8402B95-9F1B-4A9A-B567-D26978DB8F8D}.Debug|Any CPU.ActiveCfg = Debug|Any CPU
		{B8402B95-9F1B-4A9A-B567-D26978DB8F8D}.Debug|Any CPU.Build.0 = Debug|Any CPU
		{B8402B95-9F1B-4A9A-B567-D26978DB8F8D}.Release|Any CPU.ActiveCfg = Release|Any CPU
		{B8402B95-9F1B-4A9A-B567-D26978DB8F8D}.Release|Any CPU.Build.0 = Release|Any CPU
		{46AC0C3E-8BB7-4FD2-9EE0-731EA75585A1}.Debug|Any CPU.ActiveCfg = Debug|Any CPU
		{46AC0C3E-8BB7-4FD2-9EE0-731EA75585A1}.Debug|Any CPU.Build.0 = Debug|Any CPU
		{46AC0C3E-8BB7-4FD2-9EE0-731EA75585A1}.Release|Any CPU.ActiveCfg = Release|Any CPU
		{46AC0C3E-8BB7-4FD2-9EE0-731EA75585A1}.Release|Any CPU.Build.0 = Release|Any CPU
		{BB404F5C-B010-4C73-AA9D-D7199B6FB9EE}.Debug|Any CPU.ActiveCfg = Debug|Any CPU
		{BB404F5C-B010-4C73-AA9D-D7199B6FB9EE}.Debug|Any CPU.Build.0 = Debug|Any CPU
		{BB404F5C-B010-4C73-AA9D-D7199B6FB9EE}.Release|Any CPU.ActiveCfg = Release|Any CPU
		{BB404F5C-B010-4C73-AA9D-D7199B6FB9EE}.Release|Any CPU.Build.0 = Release|Any CPU
		{98C9DFAF-CA21-4210-AB52-C0E58CF756F5}.Debug|Any CPU.ActiveCfg = Debug|Any CPU
		{98C9DFAF-CA21-4210-AB52-C0E58CF756F5}.Debug|Any CPU.Build.0 = Debug|Any CPU
		{98C9DFAF-CA21-4210-AB52-C0E58CF756F5}.Release|Any CPU.ActiveCfg = Release|Any CPU
		{98C9DFAF-CA21-4210-AB52-C0E58CF756F5}.Release|Any CPU.Build.0 = Release|Any CPU
		{7CE7C9FD-6E09-4917-BB67-2DF353EBFB10}.Debug|Any CPU.ActiveCfg = Debug|Any CPU
		{7CE7C9FD-6E09-4917-BB67-2DF353EBFB10}.Debug|Any CPU.Build.0 = Debug|Any CPU
		{7CE7C9FD-6E09-4917-BB67-2DF353EBFB10}.Release|Any CPU.ActiveCfg = Release|Any CPU
		{7CE7C9FD-6E09-4917-BB67-2DF353EBFB10}.Release|Any CPU.Build.0 = Release|Any CPU
	EndGlobalSection
	GlobalSection(SolutionProperties) = preSolution
		HideSolutionNode = FALSE
	EndGlobalSection
	GlobalSection(NestedProjects) = preSolution
		{88581B21-DA9A-490C-95DD-712AC9D0C53A} = {88C3C86F-1758-4A36-8C5D-50C78B7FC9DA}
		{144E09A5-9939-4A82-ABAD-CB0B2AD5FBF1} = {88C3C86F-1758-4A36-8C5D-50C78B7FC9DA}
		{11DD5F7C-56AF-4B05-AF5F-735D7E1BB511} = {88C3C86F-1758-4A36-8C5D-50C78B7FC9DA}
		{FBF16DD4-5AE4-432E-8843-AF7E56075C7C} = {16E758CF-DAEE-4895-97B5-229C598F4870}
		{5E698CA0-3C3A-412C-9D67-FADEDBCC1CCD} = {16E758CF-DAEE-4895-97B5-229C598F4870}
		{15E73430-1A1C-457E-946D-4132E4EB6D68} = {16E758CF-DAEE-4895-97B5-229C598F4870}
		{9A982A69-9F39-42D5-BB8B-1AB870EED740} = {16E758CF-DAEE-4895-97B5-229C598F4870}
		{179E488E-AD0D-4CC0-893B-BD13A399D250} = {16E758CF-DAEE-4895-97B5-229C598F4870}
		{4B6CCEEE-0B97-464B-A532-34EF1DE40319} = {FD7B05B6-DA9B-411B-825C-F0B49914E0D4}
		{63BB673D-4A0F-4E04-B4BD-D571B78921F5} = {FD7B05B6-DA9B-411B-825C-F0B49914E0D4}
		{194DBE5E-8FD3-4A3F-B547-9B0D07DC3CBC} = {A683EF57-5754-4723-A262-18B2A240F5A8}
		{102E7C64-0F9C-49DF-BC64-8ECFEB6D3F99} = {A683EF57-5754-4723-A262-18B2A240F5A8}
		{37C0C8FD-4474-4628-B603-89D13C71FCE8} = {A683EF57-5754-4723-A262-18B2A240F5A8}
		{D96AE19A-9DC4-4A39-B0E0-5B766786452D} = {A683EF57-5754-4723-A262-18B2A240F5A8}
		{A5F01514-501E-4428-914F-52F28DB9818F} = {A683EF57-5754-4723-A262-18B2A240F5A8}
		{B8402B95-9F1B-4A9A-B567-D26978DB8F8D} = {D7AEF775-3289-4304-9A95-BF91DE20A342}
		{46AC0C3E-8BB7-4FD2-9EE0-731EA75585A1} = {D7AEF775-3289-4304-9A95-BF91DE20A342}
		{BB404F5C-B010-4C73-AA9D-D7199B6FB9EE} = {2324BAEC-CEB9-497F-ADBA-3C0043499C19}
		{98C9DFAF-CA21-4210-AB52-C0E58CF756F5} = {01FA5AD5-B48A-4D2F-BB5D-6E5C382B2269}
		{7CE7C9FD-6E09-4917-BB67-2DF353EBFB10} = {01FA5AD5-B48A-4D2F-BB5D-6E5C382B2269}
	EndGlobalSection
	GlobalSection(ExtensibilityGlobals) = postSolution
		SolutionGuid = {A098F022-705A-4A24-885A-DE92BA26F3F0}
	EndGlobalSection
EndGlobal
