
Microsoft Visual Studio Solution File, Format Version 12.00
# Visual Studio Version 17
VisualStudioVersion = 17.3.32929.385
MinimumVisualStudioVersion = 10.0.40219.1
Project("{9A19103F-16F7-4668-BE54-9A1E7A4F7556}") = "W5_2 AmountException", "W5_2 AmountException.csproj", "{8902F78B-242B-4B3A-9D0E-2F7F2752CBF8}"
EndProject
Global
	GlobalSection(SolutionConfigurationPlatforms) = preSolution
		Debug|Any CPU = Debug|Any CPU
		Release|Any CPU = Release|Any CPU
	EndGlobalSection
	GlobalSection(ProjectConfigurationPlatforms) = postSolution
		{8902F78B-242B-4B3A-9D0E-2F7F2752CBF8}.Debug|Any CPU.ActiveCfg = Debug|Any CPU
		{8902F78B-242B-4B3A-9D0E-2F7F2752CBF8}.Debug|Any CPU.Build.0 = Debug|Any CPU
		{8902F78B-242B-4B3A-9D0E-2F7F2752CBF8}.Release|Any CPU.ActiveCfg = Release|Any CPU
		{8902F78B-242B-4B3A-9D0E-2F7F2752CBF8}.Release|Any CPU.Build.0 = Release|Any CPU
	EndGlobalSection
	GlobalSection(SolutionProperties) = preSolution
		HideSolutionNode = FALSE
	EndGlobalSection
	GlobalSection(ExtensibilityGlobals) = postSolution
		SolutionGuid = {50C06C7E-EBA9-4E41-9882-645F12785588}
	EndGlobalSection
EndGlobal
