
Microsoft Visual Studio Solution File, Format Version 12.00
# Visual Studio Version 17
VisualStudioVersion = 17.3.32929.385
MinimumVisualStudioVersion = 10.0.40219.1
Project("{9A19103F-16F7-4668-BE54-9A1E7A4F7556}") = "W3_2 Person Class", "W3_2 Person Class.csproj", "{BE5F7B45-5EA9-4DC3-8403-9962B9375985}"
EndProject
Global
	GlobalSection(SolutionConfigurationPlatforms) = preSolution
		Debug|Any CPU = Debug|Any CPU
		Release|Any CPU = Release|Any CPU
	EndGlobalSection
	GlobalSection(ProjectConfigurationPlatforms) = postSolution
		{BE5F7B45-5EA9-4DC3-8403-9962B9375985}.Debug|Any CPU.ActiveCfg = Debug|Any CPU
		{BE5F7B45-5EA9-4DC3-8403-9962B9375985}.Debug|Any CPU.Build.0 = Debug|Any CPU
		{BE5F7B45-5EA9-4DC3-8403-9962B9375985}.Release|Any CPU.ActiveCfg = Release|Any CPU
		{BE5F7B45-5EA9-4DC3-8403-9962B9375985}.Release|Any CPU.Build.0 = Release|Any CPU
	EndGlobalSection
	GlobalSection(SolutionProperties) = preSolution
		HideSolutionNode = FALSE
	EndGlobalSection
	GlobalSection(ExtensibilityGlobals) = postSolution
		SolutionGuid = {3C485FEB-5259-44EF-A176-633D12D5D8A8}
	EndGlobalSection
EndGlobal
